
Microsoft Visual Studio Solution File, Format Version 12.00
# Visual Studio Version 16
VisualStudioVersion = 16.0.30114.105
MinimumVisualStudioVersion = 10.0.40219.1
Project("{FAE04EC0-301F-11D3-BF4B-00C04F79EFBC}") = "AplusDbContext", "AplusDbContext\AplusDbContext.csproj", "{A837956A-E646-4233-AB91-AFB72CAD4598}"
EndProject
Project("{FAE04EC0-301F-11D3-BF4B-00C04F79EFBC}") = "DataService", "DataService\DataService.csproj", "{2CECE3BF-C601-4286-BE31-020E8D283F3D}"
EndProject
Global
	GlobalSection(SolutionConfigurationPlatforms) = preSolution
		Debug|Any CPU = Debug|Any CPU
		Release|Any CPU = Release|Any CPU
	EndGlobalSection
	GlobalSection(SolutionProperties) = preSolution
		HideSolutionNode = FALSE
	EndGlobalSection
	GlobalSection(ProjectConfigurationPlatforms) = postSolution
		{A837956A-E646-4233-AB91-AFB72CAD4598}.Debug|Any CPU.ActiveCfg = Debug|Any CPU
		{A837956A-E646-4233-AB91-AFB72CAD4598}.Debug|Any CPU.Build.0 = Debug|Any CPU
		{A837956A-E646-4233-AB91-AFB72CAD4598}.Release|Any CPU.ActiveCfg = Release|Any CPU
		{A837956A-E646-4233-AB91-AFB72CAD4598}.Release|Any CPU.Build.0 = Release|Any CPU
		{2CECE3BF-C601-4286-BE31-020E8D283F3D}.Debug|Any CPU.ActiveCfg = Debug|Any CPU
		{2CECE3BF-C601-4286-BE31-020E8D283F3D}.Debug|Any CPU.Build.0 = Debug|Any CPU
		{2CECE3BF-C601-4286-BE31-020E8D283F3D}.Release|Any CPU.ActiveCfg = Release|Any CPU
		{2CECE3BF-C601-4286-BE31-020E8D283F3D}.Release|Any CPU.Build.0 = Release|Any CPU
	EndGlobalSection
EndGlobal
